{
  "version": 4,
  "terraform_version": "1.11.0",
  "serial": 24,
  "lineage": "1fcb4be9-a5c7-19c9-d6b9-372096391d93",
  "outputs": {},
  "resources": [
    {
      "mode": "managed",
      "type": "azurerm_linux_virtual_machine",
      "name": "mtc-vm",
      "provider": "provider[\"registry.terraform.io/hashicorp/azurerm\"]",
      "instances": [
        {
          "schema_version": 0,
          "attributes": {
            "additional_capabilities": [],
            "admin_password": null,
            "admin_ssh_key": [
              {
                "public_key": "ssh-rsa AAAAB3NzaC1yc2EAAAADAQABAAABgQCjs/K6rVmgvyWatPvKhEDUxueKbVpoN2NJxNkznm6O2hxm2BjwaYwRUCHb5MWHQ5EuAc9LsSdrxflx7pFneQrhyF/nWmp7y81PAMniCGYvYNJfxc6aiY+Wx0wU3h2Zkg/eL8WTKYCTDF4A7jJv68GzFCY4UENhqtxJqHMCp/e53o6TM/RmsvjE/YB7Re50xFpbkNdNbwbUxzs43IPW1O1bVilrPRqbhAa1myWPNTc5ftN8utOy4fIV21ZmXpUJw4ae7xD+Z8Lodwypm0hTCyCtQHZDncoX9BnUwMAdwLwd2bqB6vVo9eQYMqPkNvdq5taSG2wMrG+GEfS0euN6vfbSCGnMlQxFhFZxZDTNZCH5Vj3+CS/v8hgtZjL56YHbG5RMjCTXD5kIz4rIbW2ntlXnIECCSL7SbbNKPvYHOLbLQK/jzTdtUkcdf07bR9sbDLvnLzatAXnSBaRfJF+hSA0aHmtUSfMiMaMGyG1o1Bk5w/othyGEI4LKZ6/SZakvy0k= thanatisravankumar@THANATIs-MacBook-Air.local\n",
                "username": "adminuser"
              }
            ],
            "admin_username": "adminuser",
            "allow_extension_operations": true,
            "availability_set_id": "",
            "boot_diagnostics": [],
            "computer_name": "mtc-machine",
            "custom_data": "IyEvYmluL2Jhc2gKI2Nsb3VkLWNvbmZpZwp3cml0ZV9maWxlczoKICAtIHBhdGg6ICIvZXRjL2RvY2tlci9kYWVtb24uanNvbiIKICAgIGNvbnRlbnQ6IHwKICAgICAgewogICAgICAgICJleGVjLW9wdHMiOiBbIm5hdGl2ZS5jZ3JvdXBkcml2ZXI9c3lzdGVtZCJdLAogICAgICAgICJsb2ctZHJpdmVyIjogImpzb24tZmlsZSIsCiAgICAgICAgImxvZy1vcHRzIjogewogICAgICAgICAgIm1heC1zaXplIjogIjEwMG0iCiAgICAgICAgfSwKICAgICAgICAic3RvcmFnZS1kcml2ZXIiOiAib3ZlcmxheTIiCiAgICAgIH0KICAgIG93bmVyOiAicm9vdDpyb290IgogICAgcGVybWlzc2lvbnM6ICIwNjQ0IgoKcnVuY21kOgogIC0gYXB0LWdldCB1cGRhdGUgLXkKICAtIGFwdC1nZXQgaW5zdGFsbCAteSBkb2NrZXIuaW8KICAtIHN5c3RlbWN0bCBlbmFibGUgZG9ja2VyCiAgLSBzeXN0ZW1jdGwgc3RhcnQgZG9ja2VyCiAgLSB1c2VybW9kIC1hRyBkb2NrZXIgdWJ1bnR1CiAgLSBkb2NrZXIgLS12ZXJzaW9uCiAgLSBzeXN0ZW1jdGwgc3RhdHVzIGRvY2tlcg==",
            "dedicated_host_group_id": "",
            "dedicated_host_id": "",
            "disable_password_authentication": true,
            "edge_zone": "",
            "encryption_at_host_enabled": false,
            "eviction_policy": "",
            "extensions_time_budget": "PT1H30M",
            "id": "/subscriptions/9757fc10-c647-4daa-9db7-23493aa9acb6/resourceGroups/mtc-resources/providers/Microsoft.Compute/virtualMachines/mtc-machine",
            "identity": [],
            "license_type": "",
            "location": "eastus",
            "max_bid_price": -1,
            "name": "mtc-machine",
            "network_interface_ids": [
              "/subscriptions/9757fc10-c647-4daa-9db7-23493aa9acb6/resourceGroups/mtc-resources/providers/Microsoft.Network/networkInterfaces/mtc-ni"
            ],
            "os_disk": [
              {
                "caching": "ReadWrite",
                "diff_disk_settings": [],
                "disk_encryption_set_id": "",
                "disk_size_gb": 30,
                "name": "mtc-machine_OsDisk_1_34739bc968374682b87b747a56264ae3",
                "storage_account_type": "Standard_LRS",
                "write_accelerator_enabled": false
              }
            ],
            "patch_mode": "ImageDefault",
            "plan": [],
            "platform_fault_domain": -1,
            "priority": "Regular",
            "private_ip_address": "10.128.1.4",
            "private_ip_addresses": [
              "10.128.1.4"
            ],
            "provision_vm_agent": true,
            "proximity_placement_group_id": "",
            "public_ip_address": "23.96.35.229",
            "public_ip_addresses": [
              "23.96.35.229"
            ],
            "resource_group_name": "mtc-resources",
            "secret": [],
            "secure_boot_enabled": false,
            "size": "Standard_F2",
            "source_image_id": "",
            "source_image_reference": [
              {
                "offer": "0001-com-ubuntu-server-jammy",
                "publisher": "Canonical",
                "sku": "22_04-lts",
                "version": "latest"
              }
            ],
            "tags": {
              "env": "dev"
            },
            "termination_notification": null,
            "timeouts": null,
            "user_data": "",
            "virtual_machine_id": "397c3dde-18f5-4244-a062-7c35db722524",
            "virtual_machine_scale_set_id": "",
            "vtpm_enabled": false,
            "zone": ""
          },
          "sensitive_attributes": [
            [
              {
                "type": "get_attr",
                "value": "custom_data"
              }
            ],
            [
              {
                "type": "get_attr",
                "value": "admin_password"
              }
            ]
          ],
          "private": "eyJlMmJmYjczMC1lY2FhLTExZTYtOGY4OC0zNDM2M2JjN2M0YzAiOnsiY3JlYXRlIjoyNzAwMDAwMDAwMDAwLCJkZWxldGUiOjI3MDAwMDAwMDAwMDAsInJlYWQiOjMwMDAwMDAwMDAwMCwidXBkYXRlIjoyNzAwMDAwMDAwMDAwfX0=",
          "dependencies": [
            "azurerm_network_interface.mtc-ni",
            "azurerm_public_ip.mtc-ip",
            "azurerm_resource_group.mtc-la",
            "azurerm_subnet.mtc-la",
            "azurerm_virtual_network.mtc-vn"
          ]
        }
      ]
    },
    {
      "mode": "managed",
      "type": "azurerm_network_interface",
      "name": "mtc-ni",
      "provider": "provider[\"registry.terraform.io/hashicorp/azurerm\"]",
      "instances": [
        {
          "schema_version": 0,
          "attributes": {
            "applied_dns_servers": [],
            "dns_servers": [],
            "edge_zone": "",
            "enable_accelerated_networking": false,
            "enable_ip_forwarding": false,
            "id": "/subscriptions/9757fc10-c647-4daa-9db7-23493aa9acb6/resourceGroups/mtc-resources/providers/Microsoft.Network/networkInterfaces/mtc-ni",
            "internal_dns_name_label": "",
            "internal_domain_name_suffix": "iy0125vgnqzu1ah00pkniqymod.bx.internal.cloudapp.net",
            "ip_configuration": [
              {
                "gateway_load_balancer_frontend_ip_configuration_id": "",
                "name": "internal",
                "primary": true,
                "private_ip_address": "10.128.1.4",
                "private_ip_address_allocation": "Dynamic",
                "private_ip_address_version": "IPv4",
                "public_ip_address_id": "/subscriptions/9757fc10-c647-4daa-9db7-23493aa9acb6/resourceGroups/mtc-resources/providers/Microsoft.Network/publicIPAddresses/mtc-ip",
                "subnet_id": "/subscriptions/9757fc10-c647-4daa-9db7-23493aa9acb6/resourceGroups/mtc-resources/providers/Microsoft.Network/virtualNetworks/mtc-networks/subnets/mtc-subnet"
              }
            ],
            "location": "eastus",
            "mac_address": "00-0D-3A-8B-BA-B8",
            "name": "mtc-ni",
            "private_ip_address": "10.128.1.4",
            "private_ip_addresses": [
              "10.128.1.4"
            ],
            "resource_group_name": "mtc-resources",
            "tags": {
              "env": "dev"
            },
            "timeouts": null,
            "virtual_machine_id": "/subscriptions/9757fc10-c647-4daa-9db7-23493aa9acb6/resourceGroups/mtc-resources/providers/Microsoft.Compute/virtualMachines/mtc-machine"
          },
          "sensitive_attributes": [],
          "private": "eyJlMmJmYjczMC1lY2FhLTExZTYtOGY4OC0zNDM2M2JjN2M0YzAiOnsiY3JlYXRlIjoxODAwMDAwMDAwMDAwLCJkZWxldGUiOjE4MDAwMDAwMDAwMDAsInJlYWQiOjMwMDAwMDAwMDAwMCwidXBkYXRlIjoxODAwMDAwMDAwMDAwfX0=",
          "dependencies": [
            "azurerm_public_ip.mtc-ip",
            "azurerm_resource_group.mtc-la",
            "azurerm_subnet.mtc-la",
            "azurerm_virtual_network.mtc-vn"
          ]
        }
      ]
    },
    {
      "mode": "managed",
      "type": "azurerm_network_security_group",
      "name": "mtc-sg",
      "provider": "provider[\"registry.terraform.io/hashicorp/azurerm\"]",
      "instances": [
        {
          "schema_version": 0,
          "attributes": {
            "id": "/subscriptions/9757fc10-c647-4daa-9db7-23493aa9acb6/resourceGroups/mtc-resources/providers/Microsoft.Network/networkSecurityGroups/mtc-securitygroup",
            "location": "eastus",
            "name": "mtc-securitygroup",
            "resource_group_name": "mtc-resources",
            "security_rule": [
              {
                "access": "Allow",
                "description": "",
                "destination_address_prefix": "*",
                "destination_address_prefixes": [],
                "destination_application_security_group_ids": [],
                "destination_port_range": "*",
                "destination_port_ranges": [],
                "direction": "Inbound",
                "name": "mtc-dev-rule",
                "priority": 100,
                "protocol": "*",
                "source_address_prefix": "*",
                "source_address_prefixes": [],
                "source_application_security_group_ids": [],
                "source_port_range": "*",
                "source_port_ranges": []
              }
            ],
            "tags": {
              "env": "dev"
            },
            "timeouts": null
          },
          "sensitive_attributes": [],
          "private": "eyJlMmJmYjczMC1lY2FhLTExZTYtOGY4OC0zNDM2M2JjN2M0YzAiOnsiY3JlYXRlIjoxODAwMDAwMDAwMDAwLCJkZWxldGUiOjE4MDAwMDAwMDAwMDAsInJlYWQiOjMwMDAwMDAwMDAwMCwidXBkYXRlIjoxODAwMDAwMDAwMDAwfX0=",
          "dependencies": [
            "azurerm_resource_group.mtc-la"
          ]
        }
      ]
    },
    {
      "mode": "managed",
      "type": "azurerm_network_security_rule",
      "name": "mtc-dev-rule",
      "provider": "provider[\"registry.terraform.io/hashicorp/azurerm\"]",
      "instances": [
        {
          "schema_version": 0,
          "attributes": {
            "access": "Allow",
            "description": "",
            "destination_address_prefix": "*",
            "destination_address_prefixes": [],
            "destination_application_security_group_ids": [],
            "destination_port_range": "*",
            "destination_port_ranges": [],
            "direction": "Inbound",
            "id": "/subscriptions/9757fc10-c647-4daa-9db7-23493aa9acb6/resourceGroups/mtc-resources/providers/Microsoft.Network/networkSecurityGroups/mtc-securitygroup/securityRules/mtc-dev-rule",
            "name": "mtc-dev-rule",
            "network_security_group_name": "mtc-securitygroup",
            "priority": 100,
            "protocol": "*",
            "resource_group_name": "mtc-resources",
            "source_address_prefix": "*",
            "source_address_prefixes": [],
            "source_application_security_group_ids": [],
            "source_port_range": "*",
            "source_port_ranges": [],
            "timeouts": null
          },
          "sensitive_attributes": [],
          "private": "eyJlMmJmYjczMC1lY2FhLTExZTYtOGY4OC0zNDM2M2JjN2M0YzAiOnsiY3JlYXRlIjoxODAwMDAwMDAwMDAwLCJkZWxldGUiOjE4MDAwMDAwMDAwMDAsInJlYWQiOjMwMDAwMDAwMDAwMCwidXBkYXRlIjoxODAwMDAwMDAwMDAwfX0=",
          "dependencies": [
            "azurerm_network_security_group.mtc-sg",
            "azurerm_resource_group.mtc-la"
          ]
        }
      ]
    },
    {
      "mode": "managed",
      "type": "azurerm_public_ip",
      "name": "mtc-ip",
      "provider": "provider[\"registry.terraform.io/hashicorp/azurerm\"]",
      "instances": [
        {
          "schema_version": 0,
          "attributes": {
            "allocation_method": "Dynamic",
            "domain_name_label": null,
            "edge_zone": "",
            "fqdn": null,
            "id": "/subscriptions/9757fc10-c647-4daa-9db7-23493aa9acb6/resourceGroups/mtc-resources/providers/Microsoft.Network/publicIPAddresses/mtc-ip",
            "idle_timeout_in_minutes": 4,
            "ip_address": "172.191.29.178",
            "ip_tags": {},
            "ip_version": "IPv4",
            "location": "eastus",
            "name": "mtc-ip",
            "public_ip_prefix_id": null,
            "resource_group_name": "mtc-resources",
            "reverse_fqdn": null,
            "sku": "Basic",
            "sku_tier": "Regional",
            "tags": {
              "env": "dev"
            },
            "timeouts": null,
            "zones": []
          },
          "sensitive_attributes": [],
          "private": "eyJlMmJmYjczMC1lY2FhLTExZTYtOGY4OC0zNDM2M2JjN2M0YzAiOnsiY3JlYXRlIjoxODAwMDAwMDAwMDAwLCJkZWxldGUiOjE4MDAwMDAwMDAwMDAsInJlYWQiOjMwMDAwMDAwMDAwMCwidXBkYXRlIjoxODAwMDAwMDAwMDAwfX0=",
          "dependencies": [
            "azurerm_resource_group.mtc-la"
          ]
        }
      ]
    },
    {
      "mode": "managed",
      "type": "azurerm_resource_group",
      "name": "mtc-la",
      "provider": "provider[\"registry.terraform.io/hashicorp/azurerm\"]",
      "instances": [
        {
          "schema_version": 0,
          "attributes": {
            "id": "/subscriptions/9757fc10-c647-4daa-9db7-23493aa9acb6/resourceGroups/mtc-resources",
            "location": "eastus",
            "name": "mtc-resources",
            "tags": {
              "env": "dev"
            },
            "timeouts": null
          },
          "sensitive_attributes": [],
          "private": "eyJlMmJmYjczMC1lY2FhLTExZTYtOGY4OC0zNDM2M2JjN2M0YzAiOnsiY3JlYXRlIjo1NDAwMDAwMDAwMDAwLCJkZWxldGUiOjU0MDAwMDAwMDAwMDAsInJlYWQiOjMwMDAwMDAwMDAwMCwidXBkYXRlIjo1NDAwMDAwMDAwMDAwfX0="
        }
      ]
    },
    {
      "mode": "managed",
      "type": "azurerm_subnet",
      "name": "mtc-la",
      "provider": "provider[\"registry.terraform.io/hashicorp/azurerm\"]",
      "instances": [
        {
          "schema_version": 0,
          "attributes": {
            "address_prefixes": [
              "10.128.1.0/24"
            ],
            "delegation": [],
            "enforce_private_link_endpoint_network_policies": false,
            "enforce_private_link_service_network_policies": false,
            "id": "/subscriptions/9757fc10-c647-4daa-9db7-23493aa9acb6/resourceGroups/mtc-resources/providers/Microsoft.Network/virtualNetworks/mtc-networks/subnets/mtc-subnet",
            "name": "mtc-subnet",
            "resource_group_name": "mtc-resources",
            "service_endpoint_policy_ids": [],
            "service_endpoints": [],
            "timeouts": null,
            "virtual_network_name": "mtc-networks"
          },
          "sensitive_attributes": [],
          "private": "eyJlMmJmYjczMC1lY2FhLTExZTYtOGY4OC0zNDM2M2JjN2M0YzAiOnsiY3JlYXRlIjoxODAwMDAwMDAwMDAwLCJkZWxldGUiOjE4MDAwMDAwMDAwMDAsInJlYWQiOjMwMDAwMDAwMDAwMCwidXBkYXRlIjoxODAwMDAwMDAwMDAwfX0=",
          "dependencies": [
            "azurerm_resource_group.mtc-la",
            "azurerm_virtual_network.mtc-vn"
          ]
        }
      ]
    },
    {
      "mode": "managed",
      "type": "azurerm_subnet_network_security_group_association",
      "name": "mtc-sga",
      "provider": "provider[\"registry.terraform.io/hashicorp/azurerm\"]",
      "instances": [
        {
          "schema_version": 0,
          "attributes": {
            "id": "/subscriptions/9757fc10-c647-4daa-9db7-23493aa9acb6/resourceGroups/mtc-resources/providers/Microsoft.Network/virtualNetworks/mtc-networks/subnets/mtc-subnet",
            "network_security_group_id": "/subscriptions/9757fc10-c647-4daa-9db7-23493aa9acb6/resourceGroups/mtc-resources/providers/Microsoft.Network/networkSecurityGroups/mtc-securitygroup",
            "subnet_id": "/subscriptions/9757fc10-c647-4daa-9db7-23493aa9acb6/resourceGroups/mtc-resources/providers/Microsoft.Network/virtualNetworks/mtc-networks/subnets/mtc-subnet",
            "timeouts": null
          },
          "sensitive_attributes": [],
          "private": "eyJlMmJmYjczMC1lY2FhLTExZTYtOGY4OC0zNDM2M2JjN2M0YzAiOnsiY3JlYXRlIjoxODAwMDAwMDAwMDAwLCJkZWxldGUiOjE4MDAwMDAwMDAwMDAsInJlYWQiOjMwMDAwMDAwMDAwMCwidXBkYXRlIjoxODAwMDAwMDAwMDAwfX0=",
          "dependencies": [
            "azurerm_network_security_group.mtc-sg",
            "azurerm_resource_group.mtc-la",
            "azurerm_subnet.mtc-la",
            "azurerm_virtual_network.mtc-vn"
          ]
        }
      ]
    },
    {
      "mode": "managed",
      "type": "azurerm_virtual_network",
      "name": "mtc-vn",
      "provider": "provider[\"registry.terraform.io/hashicorp/azurerm\"]",
      "instances": [
        {
          "schema_version": 0,
          "attributes": {
            "address_space": [
              "10.128.0.0/12"
            ],
            "bgp_community": "",
            "ddos_protection_plan": [],
            "dns_servers": [],
            "edge_zone": "",
            "flow_timeout_in_minutes": 0,
            "guid": "7ebe3546-6ca6-4d33-80fa-d3d4d4430c73",
            "id": "/subscriptions/9757fc10-c647-4daa-9db7-23493aa9acb6/resourceGroups/mtc-resources/providers/Microsoft.Network/virtualNetworks/mtc-networks",
            "location": "eastus",
            "name": "mtc-networks",
            "resource_group_name": "mtc-resources",
            "subnet": [
              {
                "address_prefix": "10.128.1.0/24",
                "id": "/subscriptions/9757fc10-c647-4daa-9db7-23493aa9acb6/resourceGroups/mtc-resources/providers/Microsoft.Network/virtualNetworks/mtc-networks/subnets/mtc-subnet",
                "name": "mtc-subnet",
                "security_group": "/subscriptions/9757fc10-c647-4daa-9db7-23493aa9acb6/resourceGroups/mtc-resources/providers/Microsoft.Network/networkSecurityGroups/mtc-securitygroup"
              }
            ],
            "tags": {
              "env": "dev"
            },
            "timeouts": null
          },
          "sensitive_attributes": [],
          "private": "eyJlMmJmYjczMC1lY2FhLTExZTYtOGY4OC0zNDM2M2JjN2M0YzAiOnsiY3JlYXRlIjoxODAwMDAwMDAwMDAwLCJkZWxldGUiOjE4MDAwMDAwMDAwMDAsInJlYWQiOjMwMDAwMDAwMDAwMCwidXBkYXRlIjoxODAwMDAwMDAwMDAwfX0=",
          "dependencies": [
            "azurerm_resource_group.mtc-la"
          ]
        }
      ]
    }
  ],
  "check_results": null
}
